// !$*UTF8*$!
{
	archiveVersion = 1;
	classes = {
	};
	objectVersion = 51;
	objects = {

/* Begin PBXBuildFile section */
		25427BD9D4663A1BC0008448 /* Pods_RoutePlan.framework in Frameworks */ = {isa = PBXBuildFile; fileRef = E85080C7658CA668B3162F4F /* Pods_RoutePlan.framework */; };
		7473E16424C5CE3300801B40 /* LocationsTableViewController.xib in Resources */ = {isa = PBXBuildFile; fileRef = 7473E16224C5CE3300801B40 /* LocationsTableViewController.xib */; };
		7473E16524C5CE3300801B40 /* LocationsTableViewController.swift in Sources */ = {isa = PBXBuildFile; fileRef = 7473E16324C5CE3300801B40 /* LocationsTableViewController.swift */; };
		7473E16B24CB0B0500801B40 /* HJPulleyViewController.swift in Sources */ = {isa = PBXBuildFile; fileRef = 7473E16A24CB0B0500801B40 /* HJPulleyViewController.swift */; };
		7473E16E24CB0F4A00801B40 /* SearchLocationViewController.swift in Sources */ = {isa = PBXBuildFile; fileRef = 7473E16D24CB0F4A00801B40 /* SearchLocationViewController.swift */; };
		74A1373024BF423700148250 /* AppDelegate.swift in Sources */ = {isa = PBXBuildFile; fileRef = 74A1372F24BF423700148250 /* AppDelegate.swift */; };
		74A1373224BF423700148250 /* SceneDelegate.swift in Sources */ = {isa = PBXBuildFile; fileRef = 74A1373124BF423700148250 /* SceneDelegate.swift */; };
		74A1373424BF423700148250 /* MapViewController.swift in Sources */ = {isa = PBXBuildFile; fileRef = 74A1373324BF423700148250 /* MapViewController.swift */; };
		74A1373724BF423700148250 /* Main.storyboard in Resources */ = {isa = PBXBuildFile; fileRef = 74A1373524BF423700148250 /* Main.storyboard */; };
		74A1373924BF423700148250 /* Assets.xcassets in Resources */ = {isa = PBXBuildFile; fileRef = 74A1373824BF423700148250 /* Assets.xcassets */; };
		74A1373C24BF423700148250 /* LaunchScreen.storyboard in Resources */ = {isa = PBXBuildFile; fileRef = 74A1373A24BF423700148250 /* LaunchScreen.storyboard */; };
		74A1374524BF452600148250 /* MapKit.framework in Frameworks */ = {isa = PBXBuildFile; fileRef = 74A1374424BF452600148250 /* MapKit.framework */; };
		74B0EB9224CDC4C20043B1F9 /* WeightedGraph+shortestPath.swift in Sources */ = {isa = PBXBuildFile; fileRef = 74B0EB7D24CDC4C20043B1F9 /* WeightedGraph+shortestPath.swift */; };
		74B0EB9324CDC4C20043B1F9 /* RouteCalculationState.swift in Sources */ = {isa = PBXBuildFile; fileRef = 74B0EB7E24CDC4C20043B1F9 /* RouteCalculationState.swift */; };
		74B0EB9424CDC4C20043B1F9 /* PathAlgorithm.swift in Sources */ = {isa = PBXBuildFile; fileRef = 74B0EB7F24CDC4C20043B1F9 /* PathAlgorithm.swift */; };
		74B0EB9524CDC4C20043B1F9 /* Vertex.swift in Sources */ = {isa = PBXBuildFile; fileRef = 74B0EB8024CDC4C20043B1F9 /* Vertex.swift */; };
		74B0EB9624CDC4C20043B1F9 /* WaypointManagerState.swift in Sources */ = {isa = PBXBuildFile; fileRef = 74B0EB8124CDC4C20043B1F9 /* WaypointManagerState.swift */; };
		74B0EB9724CDC4C20043B1F9 /* RouteSummary.swift in Sources */ = {isa = PBXBuildFile; fileRef = 74B0EB8224CDC4C20043B1F9 /* RouteSummary.swift */; };
		74B0EB9824CDC4C20043B1F9 /* Collection+extension.swift in Sources */ = {isa = PBXBuildFile; fileRef = 74B0EB8324CDC4C20043B1F9 /* Collection+extension.swift */; };
		74B0EB9924CDC4C20043B1F9 /* WeightedEdge.swift in Sources */ = {isa = PBXBuildFile; fileRef = 74B0EB8424CDC4C20043B1F9 /* WeightedEdge.swift */; };
		74B0EB9A24CDC4C20043B1F9 /* CLLocationCoordinate2D+extension.swift in Sources */ = {isa = PBXBuildFile; fileRef = 74B0EB8524CDC4C20043B1F9 /* CLLocationCoordinate2D+extension.swift */; };
		74B0EB9B24CDC4C20043B1F9 /* RouteCalculationOption.swift in Sources */ = {isa = PBXBuildFile; fileRef = 74B0EB8624CDC4C20043B1F9 /* RouteCalculationOption.swift */; };
		74B0EB9C24CDC4C20043B1F9 /* MKError+extension.swift in Sources */ = {isa = PBXBuildFile; fileRef = 74B0EB8724CDC4C20043B1F9 /* MKError+extension.swift */; };
		74B0EB9D24CDC4C20043B1F9 /* Route.swift in Sources */ = {isa = PBXBuildFile; fileRef = 74B0EB8824CDC4C20043B1F9 /* Route.swift */; };
		74B0EB9E24CDC4C20043B1F9 /* MKMapView+extension.swift in Sources */ = {isa = PBXBuildFile; fileRef = 74B0EB8924CDC4C20043B1F9 /* MKMapView+extension.swift */; };
		74B0EB9F24CDC4C20043B1F9 /* RouteStep.swift in Sources */ = {isa = PBXBuildFile; fileRef = 74B0EB8A24CDC4C20043B1F9 /* RouteStep.swift */; };
		74B0EBA024CDC4C20043B1F9 /* Optional+extension.swift in Sources */ = {isa = PBXBuildFile; fileRef = 74B0EB8B24CDC4C20043B1F9 /* Optional+extension.swift */; };
		74B0EBA124CDC4C20043B1F9 /* WeightedGraph.swift in Sources */ = {isa = PBXBuildFile; fileRef = 74B0EB8C24CDC4C20043B1F9 /* WeightedGraph.swift */; };
		74B0EBA224CDC4C20043B1F9 /* WeightedGraph-dijkstaAlgorithm.swift in Sources */ = {isa = PBXBuildFile; fileRef = 74B0EB8D24CDC4C20043B1F9 /* WeightedGraph-dijkstaAlgorithm.swift */; };
		74B0EBA324CDC4C20043B1F9 /* WeightedGraph+nearestNeighborPath.swift in Sources */ = {isa = PBXBuildFile; fileRef = 74B0EB8E24CDC4C20043B1F9 /* WeightedGraph+nearestNeighborPath.swift */; };
		74B0EBA424CDC4C20043B1F9 /* Waypoint.swift in Sources */ = {isa = PBXBuildFile; fileRef = 74B0EB8F24CDC4C20043B1F9 /* Waypoint.swift */; };
		74B0EBA524CDC4C20043B1F9 /* WaypointManager.swift in Sources */ = {isa = PBXBuildFile; fileRef = 74B0EB9024CDC4C20043B1F9 /* WaypointManager.swift */; };
		74B0EBA624CDC4C20043B1F9 /* WorkQueue.swift in Sources */ = {isa = PBXBuildFile; fileRef = 74B0EB9124CDC4C20043B1F9 /* WorkQueue.swift */; };
/* End PBXBuildFile section */

/* Begin PBXFileReference section */
		4B5F1EAEB9A6909F92B9888F /* Pods-RoutePlan.debug.xcconfig */ = {isa = PBXFileReference; includeInIndex = 1; lastKnownFileType = text.xcconfig; name = "Pods-RoutePlan.debug.xcconfig"; path = "Target Support Files/Pods-RoutePlan/Pods-RoutePlan.debug.xcconfig"; sourceTree = "<group>"; };
		7473E16224C5CE3300801B40 /* LocationsTableViewController.xib */ = {isa = PBXFileReference; fileEncoding = 4; lastKnownFileType = file.xib; path = LocationsTableViewController.xib; sourceTree = "<group>"; };
		7473E16324C5CE3300801B40 /* LocationsTableViewController.swift */ = {isa = PBXFileReference; fileEncoding = 4; lastKnownFileType = sourcecode.swift; path = LocationsTableViewController.swift; sourceTree = "<group>"; };
		7473E16A24CB0B0500801B40 /* HJPulleyViewController.swift */ = {isa = PBXFileReference; lastKnownFileType = sourcecode.swift; path = HJPulleyViewController.swift; sourceTree = "<group>"; };
		7473E16D24CB0F4A00801B40 /* SearchLocationViewController.swift */ = {isa = PBXFileReference; lastKnownFileType = sourcecode.swift; path = SearchLocationViewController.swift; sourceTree = "<group>"; };
		74A1372C24BF423700148250 /* RoutePlan.app */ = {isa = PBXFileReference; explicitFileType = wrapper.application; includeInIndex = 0; path = RoutePlan.app; sourceTree = BUILT_PRODUCTS_DIR; };
		74A1372F24BF423700148250 /* AppDelegate.swift */ = {isa = PBXFileReference; lastKnownFileType = sourcecode.swift; path = AppDelegate.swift; sourceTree = "<group>"; };
		74A1373124BF423700148250 /* SceneDelegate.swift */ = {isa = PBXFileReference; lastKnownFileType = sourcecode.swift; path = SceneDelegate.swift; sourceTree = "<group>"; };
		74A1373324BF423700148250 /* MapViewController.swift */ = {isa = PBXFileReference; lastKnownFileType = sourcecode.swift; path = MapViewController.swift; sourceTree = "<group>"; };
		74A1373624BF423700148250 /* Base */ = {isa = PBXFileReference; lastKnownFileType = file.storyboard; name = Base; path = Base.lproj/Main.storyboard; sourceTree = "<group>"; };
		74A1373824BF423700148250 /* Assets.xcassets */ = {isa = PBXFileReference; lastKnownFileType = folder.assetcatalog; path = Assets.xcassets; sourceTree = "<group>"; };
		74A1373B24BF423700148250 /* Base */ = {isa = PBXFileReference; lastKnownFileType = file.storyboard; name = Base; path = Base.lproj/LaunchScreen.storyboard; sourceTree = "<group>"; };
		74A1373D24BF423700148250 /* Info.plist */ = {isa = PBXFileReference; lastKnownFileType = text.plist.xml; path = Info.plist; sourceTree = "<group>"; };
		74A1374424BF452600148250 /* MapKit.framework */ = {isa = PBXFileReference; lastKnownFileType = wrapper.framework; name = MapKit.framework; path = System/Library/Frameworks/MapKit.framework; sourceTree = SDKROOT; };
		74B0EB7D24CDC4C20043B1F9 /* WeightedGraph+shortestPath.swift */ = {isa = PBXFileReference; fileEncoding = 4; lastKnownFileType = sourcecode.swift; path = "WeightedGraph+shortestPath.swift"; sourceTree = "<group>"; };
		74B0EB7E24CDC4C20043B1F9 /* RouteCalculationState.swift */ = {isa = PBXFileReference; fileEncoding = 4; lastKnownFileType = sourcecode.swift; path = RouteCalculationState.swift; sourceTree = "<group>"; };
		74B0EB7F24CDC4C20043B1F9 /* PathAlgorithm.swift */ = {isa = PBXFileReference; fileEncoding = 4; lastKnownFileType = sourcecode.swift; path = PathAlgorithm.swift; sourceTree = "<group>"; };
		74B0EB8024CDC4C20043B1F9 /* Vertex.swift */ = {isa = PBXFileReference; fileEncoding = 4; lastKnownFileType = sourcecode.swift; path = Vertex.swift; sourceTree = "<group>"; };
		74B0EB8124CDC4C20043B1F9 /* WaypointManagerState.swift */ = {isa = PBXFileReference; fileEncoding = 4; lastKnownFileType = sourcecode.swift; path = WaypointManagerState.swift; sourceTree = "<group>"; };
		74B0EB8224CDC4C20043B1F9 /* RouteSummary.swift */ = {isa = PBXFileReference; fileEncoding = 4; lastKnownFileType = sourcecode.swift; path = RouteSummary.swift; sourceTree = "<group>"; };
		74B0EB8324CDC4C20043B1F9 /* Collection+extension.swift */ = {isa = PBXFileReference; fileEncoding = 4; lastKnownFileType = sourcecode.swift; path = "Collection+extension.swift"; sourceTree = "<group>"; };
		74B0EB8424CDC4C20043B1F9 /* WeightedEdge.swift */ = {isa = PBXFileReference; fileEncoding = 4; lastKnownFileType = sourcecode.swift; path = WeightedEdge.swift; sourceTree = "<group>"; };
		74B0EB8524CDC4C20043B1F9 /* CLLocationCoordinate2D+extension.swift */ = {isa = PBXFileReference; fileEncoding = 4; lastKnownFileType = sourcecode.swift; path = "CLLocationCoordinate2D+extension.swift"; sourceTree = "<group>"; };
		74B0EB8624CDC4C20043B1F9 /* RouteCalculationOption.swift */ = {isa = PBXFileReference; fileEncoding = 4; lastKnownFileType = sourcecode.swift; path = RouteCalculationOption.swift; sourceTree = "<group>"; };
		74B0EB8724CDC4C20043B1F9 /* MKError+extension.swift */ = {isa = PBXFileReference; fileEncoding = 4; lastKnownFileType = sourcecode.swift; path = "MKError+extension.swift"; sourceTree = "<group>"; };
		74B0EB8824CDC4C20043B1F9 /* Route.swift */ = {isa = PBXFileReference; fileEncoding = 4; lastKnownFileType = sourcecode.swift; path = Route.swift; sourceTree = "<group>"; };
		74B0EB8924CDC4C20043B1F9 /* MKMapView+extension.swift */ = {isa = PBXFileReference; fileEncoding = 4; lastKnownFileType = sourcecode.swift; path = "MKMapView+extension.swift"; sourceTree = "<group>"; };
		74B0EB8A24CDC4C20043B1F9 /* RouteStep.swift */ = {isa = PBXFileReference; fileEncoding = 4; lastKnownFileType = sourcecode.swift; path = RouteStep.swift; sourceTree = "<group>"; };
		74B0EB8B24CDC4C20043B1F9 /* Optional+extension.swift */ = {isa = PBXFileReference; fileEncoding = 4; lastKnownFileType = sourcecode.swift; path = "Optional+extension.swift"; sourceTree = "<group>"; };
		74B0EB8C24CDC4C20043B1F9 /* WeightedGraph.swift */ = {isa = PBXFileReference; fileEncoding = 4; lastKnownFileType = sourcecode.swift; path = WeightedGraph.swift; sourceTree = "<group>"; };
		74B0EB8D24CDC4C20043B1F9 /* WeightedGraph-dijkstaAlgorithm.swift */ = {isa = PBXFileReference; fileEncoding = 4; lastKnownFileType = sourcecode.swift; path = "WeightedGraph-dijkstaAlgorithm.swift"; sourceTree = "<group>"; };
		74B0EB8E24CDC4C20043B1F9 /* WeightedGraph+nearestNeighborPath.swift */ = {isa = PBXFileReference; fileEncoding = 4; lastKnownFileType = sourcecode.swift; path = "WeightedGraph+nearestNeighborPath.swift"; sourceTree = "<group>"; };
		74B0EB8F24CDC4C20043B1F9 /* Waypoint.swift */ = {isa = PBXFileReference; fileEncoding = 4; lastKnownFileType = sourcecode.swift; path = Waypoint.swift; sourceTree = "<group>"; };
		74B0EB9024CDC4C20043B1F9 /* WaypointManager.swift */ = {isa = PBXFileReference; fileEncoding = 4; lastKnownFileType = sourcecode.swift; path = WaypointManager.swift; sourceTree = "<group>"; };
		74B0EB9124CDC4C20043B1F9 /* WorkQueue.swift */ = {isa = PBXFileReference; fileEncoding = 4; lastKnownFileType = sourcecode.swift; path = WorkQueue.swift; sourceTree = "<group>"; };
		8023DF9876E915608BA7F0A1 /* Pods-RoutePlan.release.xcconfig */ = {isa = PBXFileReference; includeInIndex = 1; lastKnownFileType = text.xcconfig; name = "Pods-RoutePlan.release.xcconfig"; path = "Target Support Files/Pods-RoutePlan/Pods-RoutePlan.release.xcconfig"; sourceTree = "<group>"; };
		E85080C7658CA668B3162F4F /* Pods_RoutePlan.framework */ = {isa = PBXFileReference; explicitFileType = wrapper.framework; includeInIndex = 0; path = Pods_RoutePlan.framework; sourceTree = BUILT_PRODUCTS_DIR; };
/* End PBXFileReference section */

/* Begin PBXFrameworksBuildPhase section */
		74A1372924BF423700148250 /* Frameworks */ = {
			isa = PBXFrameworksBuildPhase;
			buildActionMask = 2147483647;
			files = (
				74A1374524BF452600148250 /* MapKit.framework in Frameworks */,
				25427BD9D4663A1BC0008448 /* Pods_RoutePlan.framework in Frameworks */,
			);
			runOnlyForDeploymentPostprocessing = 0;
		};
/* End PBXFrameworksBuildPhase section */

/* Begin PBXGroup section */
		371F66EDE3F933B49106624A /* Pods */ = {
			isa = PBXGroup;
			children = (
				4B5F1EAEB9A6909F92B9888F /* Pods-RoutePlan.debug.xcconfig */,
				8023DF9876E915608BA7F0A1 /* Pods-RoutePlan.release.xcconfig */,
			);
			path = Pods;
			sourceTree = "<group>";
		};
		74A1372324BF423700148250 = {
			isa = PBXGroup;
			children = (
				74B0EAF824CD84E40043B1F9 /* travelingSalesmanProblem */,
				74A1372E24BF423700148250 /* RoutePlan */,
				74A1372D24BF423700148250 /* Products */,
				74A1374324BF452600148250 /* Frameworks */,
				371F66EDE3F933B49106624A /* Pods */,
			);
			sourceTree = "<group>";
		};
		74A1372D24BF423700148250 /* Products */ = {
			isa = PBXGroup;
			children = (
				74A1372C24BF423700148250 /* RoutePlan.app */,
			);
			name = Products;
			sourceTree = "<group>";
		};
		74A1372E24BF423700148250 /* RoutePlan */ = {
			isa = PBXGroup;
			children = (
				74A1372F24BF423700148250 /* AppDelegate.swift */,
				74A1373124BF423700148250 /* SceneDelegate.swift */,
				7473E16A24CB0B0500801B40 /* HJPulleyViewController.swift */,
				74A1373324BF423700148250 /* MapViewController.swift */,
				7473E16D24CB0F4A00801B40 /* SearchLocationViewController.swift */,
				74A1373524BF423700148250 /* Main.storyboard */,
				74A1373824BF423700148250 /* Assets.xcassets */,
				74A1373A24BF423700148250 /* LaunchScreen.storyboard */,
				74A1373D24BF423700148250 /* Info.plist */,
				7473E16324C5CE3300801B40 /* LocationsTableViewController.swift */,
				7473E16224C5CE3300801B40 /* LocationsTableViewController.xib */,
			);
			path = RoutePlan;
			sourceTree = "<group>";
		};
		74A1374324BF452600148250 /* Frameworks */ = {
			isa = PBXGroup;
			children = (
				74A1374424BF452600148250 /* MapKit.framework */,
				E85080C7658CA668B3162F4F /* Pods_RoutePlan.framework */,
			);
			name = Frameworks;
			sourceTree = "<group>";
		};
		74B0EAF824CD84E40043B1F9 /* travelingSalesmanProblem */ = {
			isa = PBXGroup;
			children = (
				74B0EB8524CDC4C20043B1F9 /* CLLocationCoordinate2D+extension.swift */,
				74B0EB8324CDC4C20043B1F9 /* Collection+extension.swift */,
				74B0EB8724CDC4C20043B1F9 /* MKError+extension.swift */,
				74B0EB8924CDC4C20043B1F9 /* MKMapView+extension.swift */,
				74B0EB8B24CDC4C20043B1F9 /* Optional+extension.swift */,
				74B0EB7F24CDC4C20043B1F9 /* PathAlgorithm.swift */,
				74B0EB8824CDC4C20043B1F9 /* Route.swift */,
				74B0EB8624CDC4C20043B1F9 /* RouteCalculationOption.swift */,
				74B0EB7E24CDC4C20043B1F9 /* RouteCalculationState.swift */,
				74B0EB8A24CDC4C20043B1F9 /* RouteStep.swift */,
				74B0EB8224CDC4C20043B1F9 /* RouteSummary.swift */,
				74B0EB8024CDC4C20043B1F9 /* Vertex.swift */,
				74B0EB8F24CDC4C20043B1F9 /* Waypoint.swift */,
				74B0EB9024CDC4C20043B1F9 /* WaypointManager.swift */,
				74B0EB8124CDC4C20043B1F9 /* WaypointManagerState.swift */,
				74B0EB8424CDC4C20043B1F9 /* WeightedEdge.swift */,
				74B0EB8D24CDC4C20043B1F9 /* WeightedGraph-dijkstaAlgorithm.swift */,
				74B0EB8C24CDC4C20043B1F9 /* WeightedGraph.swift */,
				74B0EB8E24CDC4C20043B1F9 /* WeightedGraph+nearestNeighborPath.swift */,
				74B0EB7D24CDC4C20043B1F9 /* WeightedGraph+shortestPath.swift */,
				74B0EB9124CDC4C20043B1F9 /* WorkQueue.swift */,
			);
			path = travelingSalesmanProblem;
			sourceTree = "<group>";
		};
/* End PBXGroup section */

/* Begin PBXNativeTarget section */
		74A1372B24BF423700148250 /* RoutePlan */ = {
			isa = PBXNativeTarget;
			buildConfigurationList = 74A1374024BF423700148250 /* Build configuration list for PBXNativeTarget "RoutePlan" */;
			buildPhases = (
				CB59A4912168029294B30DFD /* [CP] Check Pods Manifest.lock */,
				74A1372824BF423700148250 /* Sources */,
				74A1372924BF423700148250 /* Frameworks */,
				74A1372A24BF423700148250 /* Resources */,
				EB7C78008C691C5D9C2471EE /* [CP] Embed Pods Frameworks */,
			);
			buildRules = (
			);
			dependencies = (
			);
			name = RoutePlan;
			packageProductDependencies = (
			);
			productName = RoutePlan;
			productReference = 74A1372C24BF423700148250 /* RoutePlan.app */;
			productType = "com.apple.product-type.application";
		};
/* End PBXNativeTarget section */

/* Begin PBXProject section */
		74A1372424BF423700148250 /* Project object */ = {
			isa = PBXProject;
			attributes = {
				LastSwiftUpdateCheck = 1150;
				LastUpgradeCheck = 1150;
				ORGANIZATIONNAME = hanjian;
				TargetAttributes = {
					74A1372B24BF423700148250 = {
						CreatedOnToolsVersion = 11.5;
					};
				};
			};
			buildConfigurationList = 74A1372724BF423700148250 /* Build configuration list for PBXProject "RoutePlan" */;
			compatibilityVersion = "Xcode 9.3";
			developmentRegion = en;
			hasScannedForEncodings = 0;
			knownRegions = (
				en,
				Base,
			);
			mainGroup = 74A1372324BF423700148250;
			packageReferences = (
			);
			productRefGroup = 74A1372D24BF423700148250 /* Products */;
			projectDirPath = "";
			projectRoot = "";
			targets = (
				74A1372B24BF423700148250 /* RoutePlan */,
			);
		};
/* End PBXProject section */

/* Begin PBXResourcesBuildPhase section */
		74A1372A24BF423700148250 /* Resources */ = {
			isa = PBXResourcesBuildPhase;
			buildActionMask = 2147483647;
			files = (
				7473E16424C5CE3300801B40 /* LocationsTableViewController.xib in Resources */,
				74A1373C24BF423700148250 /* LaunchScreen.storyboard in Resources */,
				74A1373924BF423700148250 /* Assets.xcassets in Resources */,
				74A1373724BF423700148250 /* Main.storyboard in Resources */,
			);
			runOnlyForDeploymentPostprocessing = 0;
		};
/* End PBXResourcesBuildPhase section */

/* Begin PBXShellScriptBuildPhase section */
		CB59A4912168029294B30DFD /* [CP] Check Pods Manifest.lock */ = {
			isa = PBXShellScriptBuildPhase;
			buildActionMask = 2147483647;
			files = (
			);
			inputFileListPaths = (
			);
			inputPaths = (
				"${PODS_PODFILE_DIR_PATH}/Podfile.lock",
				"${PODS_ROOT}/Manifest.lock",
			);
			name = "[CP] Check Pods Manifest.lock";
			outputFileListPaths = (
			);
			outputPaths = (
				"$(DERIVED_FILE_DIR)/Pods-RoutePlan-checkManifestLockResult.txt",
			);
			runOnlyForDeploymentPostprocessing = 0;
			shellPath = /bin/sh;
			shellScript = "diff \"${PODS_PODFILE_DIR_PATH}/Podfile.lock\" \"${PODS_ROOT}/Manifest.lock\" > /dev/null\nif [ $? != 0 ] ; then\n    # print error to STDERR\n    echo \"error: The sandbox is not in sync with the Podfile.lock. Run 'pod install' or update your CocoaPods installation.\" >&2\n    exit 1\nfi\n# This output is used by Xcode 'outputs' to avoid re-running this script phase.\necho \"SUCCESS\" > \"${SCRIPT_OUTPUT_FILE_0}\"\n";
			showEnvVarsInLog = 0;
		};
		EB7C78008C691C5D9C2471EE /* [CP] Embed Pods Frameworks */ = {
			isa = PBXShellScriptBuildPhase;
			buildActionMask = 2147483647;
			files = (
			);
			inputFileListPaths = (
				"${PODS_ROOT}/Target Support Files/Pods-RoutePlan/Pods-RoutePlan-frameworks-${CONFIGURATION}-input-files.xcfilelist",
			);
			name = "[CP] Embed Pods Frameworks";
			outputFileListPaths = (
				"${PODS_ROOT}/Target Support Files/Pods-RoutePlan/Pods-RoutePlan-frameworks-${CONFIGURATION}-output-files.xcfilelist",
			);
			runOnlyForDeploymentPostprocessing = 0;
			shellPath = /bin/sh;
			shellScript = "\"${PODS_ROOT}/Target Support Files/Pods-RoutePlan/Pods-RoutePlan-frameworks.sh\"\n";
			showEnvVarsInLog = 0;
		};
/* End PBXShellScriptBuildPhase section */

/* Begin PBXSourcesBuildPhase section */
		74A1372824BF423700148250 /* Sources */ = {
			isa = PBXSourcesBuildPhase;
			buildActionMask = 2147483647;
			files = (
				7473E16524C5CE3300801B40 /* LocationsTableViewController.swift in Sources */,
				7473E16B24CB0B0500801B40 /* HJPulleyViewController.swift in Sources */,
				74B0EB9724CDC4C20043B1F9 /* RouteSummary.swift in Sources */,
				74B0EB9924CDC4C20043B1F9 /* WeightedEdge.swift in Sources */,
				74B0EBA224CDC4C20043B1F9 /* WeightedGraph-dijkstaAlgorithm.swift in Sources */,
				74B0EBA024CDC4C20043B1F9 /* Optional+extension.swift in Sources */,
				74B0EBA624CDC4C20043B1F9 /* WorkQueue.swift in Sources */,
				74B0EB9224CDC4C20043B1F9 /* WeightedGraph+shortestPath.swift in Sources */,
				74B0EB9524CDC4C20043B1F9 /* Vertex.swift in Sources */,
				74B0EB9A24CDC4C20043B1F9 /* CLLocationCoordinate2D+extension.swift in Sources */,
				74B0EB9424CDC4C20043B1F9 /* PathAlgorithm.swift in Sources */,
				74B0EB9624CDC4C20043B1F9 /* WaypointManagerState.swift in Sources */,
				74B0EB9D24CDC4C20043B1F9 /* Route.swift in Sources */,
				74B0EB9E24CDC4C20043B1F9 /* MKMapView+extension.swift in Sources */,
				74B0EBA324CDC4C20043B1F9 /* WeightedGraph+nearestNeighborPath.swift in Sources */,
				74A1373424BF423700148250 /* MapViewController.swift in Sources */,
				7473E16E24CB0F4A00801B40 /* SearchLocationViewController.swift in Sources */,
				74B0EB9324CDC4C20043B1F9 /* RouteCalculationState.swift in Sources */,
				74A1373024BF423700148250 /* AppDelegate.swift in Sources */,
				74B0EBA424CDC4C20043B1F9 /* Waypoint.swift in Sources */,
				74A1373224BF423700148250 /* SceneDelegate.swift in Sources */,
				74B0EBA124CDC4C20043B1F9 /* WeightedGraph.swift in Sources */,
				74B0EB9B24CDC4C20043B1F9 /* RouteCalculationOption.swift in Sources */,
				74B0EB9F24CDC4C20043B1F9 /* RouteStep.swift in Sources */,
				74B0EB9C24CDC4C20043B1F9 /* MKError+extension.swift in Sources */,
				74B0EBA524CDC4C20043B1F9 /* WaypointManager.swift in Sources */,
				74B0EB9824CDC4C20043B1F9 /* Collection+extension.swift in Sources */,
			);
			runOnlyForDeploymentPostprocessing = 0;
		};
/* End PBXSourcesBuildPhase section */

/* Begin PBXVariantGroup section */
		74A1373524BF423700148250 /* Main.storyboard */ = {
			isa = PBXVariantGroup;
			children = (
				74A1373624BF423700148250 /* Base */,
			);
			name = Main.storyboard;
			sourceTree = "<group>";
		};
		74A1373A24BF423700148250 /* LaunchScreen.storyboard */ = {
			isa = PBXVariantGroup;
			children = (
				74A1373B24BF423700148250 /* Base */,
			);
			name = LaunchScreen.storyboard;
			sourceTree = "<group>";
		};
/* End PBXVariantGroup section */

/* Begin XCBuildConfiguration section */
		74A1373E24BF423700148250 /* Debug */ = {
			isa = XCBuildConfiguration;
			buildSettings = {
				ALWAYS_SEARCH_USER_PATHS = NO;
				CLANG_ANALYZER_NONNULL = YES;
				CLANG_ANALYZER_NUMBER_OBJECT_CONVERSION = YES_AGGRESSIVE;
				CLANG_CXX_LANGUAGE_STANDARD = "gnu++14";
				CLANG_CXX_LIBRARY = "libc++";
				CLANG_ENABLE_MODULES = YES;
				CLANG_ENABLE_OBJC_ARC = YES;
				CLANG_ENABLE_OBJC_WEAK = YES;
				CLANG_WARN_BLOCK_CAPTURE_AUTORELEASING = YES;
				CLANG_WARN_BOOL_CONVERSION = YES;
				CLANG_WARN_COMMA = YES;
				CLANG_WARN_CONSTANT_CONVERSION = YES;
				CLANG_WARN_DEPRECATED_OBJC_IMPLEMENTATIONS = YES;
				CLANG_WARN_DIRECT_OBJC_ISA_USAGE = YES_ERROR;
				CLANG_WARN_DOCUMENTATION_COMMENTS = YES;
				CLANG_WARN_EMPTY_BODY = YES;
				CLANG_WARN_ENUM_CONVERSION = YES;
				CLANG_WARN_INFINITE_RECURSION = YES;
				CLANG_WARN_INT_CONVERSION = YES;
				CLANG_WARN_NON_LITERAL_NULL_CONVERSION = YES;
				CLANG_WARN_OBJC_IMPLICIT_RETAIN_SELF = YES;
				CLANG_WARN_OBJC_LITERAL_CONVERSION = YES;
				CLANG_WARN_OBJC_ROOT_CLASS = YES_ERROR;
				CLANG_WARN_RANGE_LOOP_ANALYSIS = YES;
				CLANG_WARN_STRICT_PROTOTYPES = YES;
				CLANG_WARN_SUSPICIOUS_MOVE = YES;
				CLANG_WARN_UNGUARDED_AVAILABILITY = YES_AGGRESSIVE;
				CLANG_WARN_UNREACHABLE_CODE = YES;
				CLANG_WARN__DUPLICATE_METHOD_MATCH = YES;
				COPY_PHASE_STRIP = NO;
				DEBUG_INFORMATION_FORMAT = dwarf;
				ENABLE_STRICT_OBJC_MSGSEND = YES;
				ENABLE_TESTABILITY = YES;
				GCC_C_LANGUAGE_STANDARD = gnu11;
				GCC_DYNAMIC_NO_PIC = NO;
				GCC_NO_COMMON_BLOCKS = YES;
				GCC_OPTIMIZATION_LEVEL = 0;
				GCC_PREPROCESSOR_DEFINITIONS = (
					"DEBUG=1",
					"$(inherited)",
				);
				GCC_WARN_64_TO_32_BIT_CONVERSION = YES;
				GCC_WARN_ABOUT_RETURN_TYPE = YES_ERROR;
				GCC_WARN_UNDECLARED_SELECTOR = YES;
				GCC_WARN_UNINITIALIZED_AUTOS = YES_AGGRESSIVE;
				GCC_WARN_UNUSED_FUNCTION = YES;
				GCC_WARN_UNUSED_VARIABLE = YES;
				IPHONEOS_DEPLOYMENT_TARGET = 10.0;
				MTL_ENABLE_DEBUG_INFO = INCLUDE_SOURCE;
				MTL_FAST_MATH = YES;
				ONLY_ACTIVE_ARCH = YES;
				SDKROOT = iphoneos;
				SWIFT_ACTIVE_COMPILATION_CONDITIONS = DEBUG;
				SWIFT_OPTIMIZATION_LEVEL = "-Onone";
			};
			name = Debug;
		};
		74A1373F24BF423700148250 /* Release */ = {
			isa = XCBuildConfiguration;
			buildSettings = {
				ALWAYS_SEARCH_USER_PATHS = NO;
				CLANG_ANALYZER_NONNULL = YES;
				CLANG_ANALYZER_NUMBER_OBJECT_CONVERSION = YES_AGGRESSIVE;
				CLANG_CXX_LANGUAGE_STANDARD = "gnu++14";
				CLANG_CXX_LIBRARY = "libc++";
				CLANG_ENABLE_MODULES = YES;
				CLANG_ENABLE_OBJC_ARC = YES;
				CLANG_ENABLE_OBJC_WEAK = YES;
				CLANG_WARN_BLOCK_CAPTURE_AUTORELEASING = YES;
				CLANG_WARN_BOOL_CONVERSION = YES;
				CLANG_WARN_COMMA = YES;
				CLANG_WARN_CONSTANT_CONVERSION = YES;
				CLANG_WARN_DEPRECATED_OBJC_IMPLEMENTATIONS = YES;
				CLANG_WARN_DIRECT_OBJC_ISA_USAGE = YES_ERROR;
				CLANG_WARN_DOCUMENTATION_COMMENTS = YES;
				CLANG_WARN_EMPTY_BODY = YES;
				CLANG_WARN_ENUM_CONVERSION = YES;
				CLANG_WARN_INFINITE_RECURSION = YES;
				CLANG_WARN_INT_CONVERSION = YES;
				CLANG_WARN_NON_LITERAL_NULL_CONVERSION = YES;
				CLANG_WARN_OBJC_IMPLICIT_RETAIN_SELF = YES;
				CLANG_WARN_OBJC_LITERAL_CONVERSION = YES;
				CLANG_WARN_OBJC_ROOT_CLASS = YES_ERROR;
				CLANG_WARN_RANGE_LOOP_ANALYSIS = YES;
				CLANG_WARN_STRICT_PROTOTYPES = YES;
				CLANG_WARN_SUSPICIOUS_MOVE = YES;
				CLANG_WARN_UNGUARDED_AVAILABILITY = YES_AGGRESSIVE;
				CLANG_WARN_UNREACHABLE_CODE = YES;
				CLANG_WARN__DUPLICATE_METHOD_MATCH = YES;
				COPY_PHASE_STRIP = NO;
				DEBUG_INFORMATION_FORMAT = "dwarf-with-dsym";
				ENABLE_NS_ASSERTIONS = NO;
				ENABLE_STRICT_OBJC_MSGSEND = YES;
				GCC_C_LANGUAGE_STANDARD = gnu11;
				GCC_NO_COMMON_BLOCKS = YES;
				GCC_WARN_64_TO_32_BIT_CONVERSION = YES;
				GCC_WARN_ABOUT_RETURN_TYPE = YES_ERROR;
				GCC_WARN_UNDECLARED_SELECTOR = YES;
				GCC_WARN_UNINITIALIZED_AUTOS = YES_AGGRESSIVE;
				GCC_WARN_UNUSED_FUNCTION = YES;
				GCC_WARN_UNUSED_VARIABLE = YES;
				IPHONEOS_DEPLOYMENT_TARGET = 10.0;
				MTL_ENABLE_DEBUG_INFO = NO;
				MTL_FAST_MATH = YES;
				SDKROOT = iphoneos;
				SWIFT_COMPILATION_MODE = wholemodule;
				SWIFT_OPTIMIZATION_LEVEL = "-O";
				VALIDATE_PRODUCT = YES;
			};
			name = Release;
		};
		74A1374124BF423700148250 /* Debug */ = {
			isa = XCBuildConfiguration;
			baseConfigurationReference = 4B5F1EAEB9A6909F92B9888F /* Pods-RoutePlan.debug.xcconfig */;
			buildSettings = {
				ASSETCATALOG_COMPILER_APPICON_NAME = AppIcon;
				CODE_SIGN_ENTITLEMENTS = "";
				CODE_SIGN_STYLE = Automatic;
				DEVELOPMENT_TEAM = CH6QR5SEAC;
				INFOPLIST_FILE = RoutePlan/Info.plist;
				LD_RUNPATH_SEARCH_PATHS = (
					"$(inherited)",
					"@executable_path/Frameworks",
				);
				OTHER_CFLAGS = "";
				PRODUCT_BUNDLE_IDENTIFIER = com.hj.RoutePlan;
				PRODUCT_NAME = "$(TARGET_NAME)";
				SUPPORTS_MACCATALYST = NO;
				SWIFT_VERSION = 5.0;
				TARGETED_DEVICE_FAMILY = "1,2";
			};
			name = Debug;
		};
		74A1374224BF423700148250 /* Release */ = {
			isa = XCBuildConfiguration;
			baseConfigurationReference = 8023DF9876E915608BA7F0A1 /* Pods-RoutePlan.release.xcconfig */;
			buildSettings = {
				ASSETCATALOG_COMPILER_APPICON_NAME = AppIcon;
				CODE_SIGN_ENTITLEMENTS = "";
				CODE_SIGN_STYLE = Automatic;
				DEVELOPMENT_TEAM = CH6QR5SEAC;
				INFOPLIST_FILE = RoutePlan/Info.plist;
				LD_RUNPATH_SEARCH_PATHS = (
					"$(inherited)",
					"@executable_path/Frameworks",
				);
				OTHER_CFLAGS = "";
				PRODUCT_BUNDLE_IDENTIFIER = com.hj.RoutePlan;
				PRODUCT_NAME = "$(TARGET_NAME)";
				SUPPORTS_MACCATALYST = NO;
				SWIFT_VERSION = 5.0;
				TARGETED_DEVICE_FAMILY = "1,2";
			};
			name = Release;
		};
/* End XCBuildConfiguration section */

/* Begin XCConfigurationList section */
		74A1372724BF423700148250 /* Build configuration list for PBXProject "RoutePlan" */ = {
			isa = XCConfigurationList;
			buildConfigurations = (
				74A1373E24BF423700148250 /* Debug */,
				74A1373F24BF423700148250 /* Release */,
			);
			defaultConfigurationIsVisible = 0;
			defaultConfigurationName = Release;
		};
		74A1374024BF423700148250 /* Build configuration list for PBXNativeTarget "RoutePlan" */ = {
			isa = XCConfigurationList;
			buildConfigurations = (
				74A1374124BF423700148250 /* Debug */,
				74A1374224BF423700148250 /* Release */,
			);
			defaultConfigurationIsVisible = 0;
			defaultConfigurationName = Release;
		};
/* End XCConfigurationList section */
	};
	rootObject = 74A1372424BF423700148250 /* Project object */;
}
